
Microsoft Visual Studio Solution File, Format Version 12.00
# Visual Studio Version 17
VisualStudioVersion = 17.4.33213.308
MinimumVisualStudioVersion = 10.0.40219.1
Project("{FAE04EC0-301F-11D3-BF4B-00C04F79EFBC}") = "EditFormValidation", "EditFormValidation.csproj", "{DB5BB852-32CB-4E3B-BB77-08D17C8E914C}"
EndProject
Global
	GlobalSection(SolutionConfigurationPlatforms) = preSolution
		Debug|Any CPU = Debug|Any CPU
		Release|Any CPU = Release|Any CPU
	EndGlobalSection
	GlobalSection(ProjectConfigurationPlatforms) = postSolution
		{DB5BB852-32CB-4E3B-BB77-08D17C8E914C}.Debug|Any CPU.ActiveCfg = Debug|Any CPU
		{DB5BB852-32CB-4E3B-BB77-08D17C8E914C}.Debug|Any CPU.Build.0 = Debug|Any CPU
		{DB5BB852-32CB-4E3B-BB77-08D17C8E914C}.Release|Any CPU.ActiveCfg = Release|Any CPU
		{DB5BB852-32CB-4E3B-BB77-08D17C8E914C}.Release|Any CPU.Build.0 = Release|Any CPU
	EndGlobalSection
	GlobalSection(SolutionProperties) = preSolution
		HideSolutionNode = FALSE
	EndGlobalSection
	GlobalSection(ExtensibilityGlobals) = postSolution
		SolutionGuid = {738F4519-E48A-49CE-B024-55D0172BB7A9}
	EndGlobalSection
EndGlobal
